
Microsoft Visual Studio Solution File, Format Version 12.00
# Visual Studio Version 16
VisualStudioVersion = 16.0.29728.190
MinimumVisualStudioVersion = 10.0.40219.1
Project("{FAE04EC0-301F-11D3-BF4B-00C04F79EFBC}") = "ValidacaoRemota", "ValidacaoRemota\ValidacaoRemota.csproj", "{9EC46BF6-3790-4A64-94AD-C453DD553C04}"
EndProject
Global
	GlobalSection(SolutionConfigurationPlatforms) = preSolution
		Debug|Any CPU = Debug|Any CPU
		Release|Any CPU = Release|Any CPU
	EndGlobalSection
	GlobalSection(ProjectConfigurationPlatforms) = postSolution
		{9EC46BF6-3790-4A64-94AD-C453DD553C04}.Debug|Any CPU.ActiveCfg = Debug|Any CPU
		{9EC46BF6-3790-4A64-94AD-C453DD553C04}.Debug|Any CPU.Build.0 = Debug|Any CPU
		{9EC46BF6-3790-4A64-94AD-C453DD553C04}.Release|Any CPU.ActiveCfg = Release|Any CPU
		{9EC46BF6-3790-4A64-94AD-C453DD553C04}.Release|Any CPU.Build.0 = Release|Any CPU
	EndGlobalSection
	GlobalSection(SolutionProperties) = preSolution
		HideSolutionNode = FALSE
	EndGlobalSection
	GlobalSection(ExtensibilityGlobals) = postSolution
		SolutionGuid = {63CC1001-8776-417C-A783-C511A67F4AE3}
	EndGlobalSection
EndGlobal
