
Microsoft Visual Studio Solution File, Format Version 12.00
# Visual Studio Version 16
VisualStudioVersion = 16.0.29728.190
MinimumVisualStudioVersion = 10.0.40219.1
Project("{FAE04EC0-301F-11D3-BF4B-00C04F79EFBC}") = "MuitosParaMuitos", "MuitosParaMuitos\MuitosParaMuitos.csproj", "{AAF03420-C2CE-4683-939A-3C8C94C93725}"
EndProject
Global
	GlobalSection(SolutionConfigurationPlatforms) = preSolution
		Debug|Any CPU = Debug|Any CPU
		Release|Any CPU = Release|Any CPU
	EndGlobalSection
	GlobalSection(ProjectConfigurationPlatforms) = postSolution
		{AAF03420-C2CE-4683-939A-3C8C94C93725}.Debug|Any CPU.ActiveCfg = Debug|Any CPU
		{AAF03420-C2CE-4683-939A-3C8C94C93725}.Debug|Any CPU.Build.0 = Debug|Any CPU
		{AAF03420-C2CE-4683-939A-3C8C94C93725}.Release|Any CPU.ActiveCfg = Release|Any CPU
		{AAF03420-C2CE-4683-939A-3C8C94C93725}.Release|Any CPU.Build.0 = Release|Any CPU
	EndGlobalSection
	GlobalSection(SolutionProperties) = preSolution
		HideSolutionNode = FALSE
	EndGlobalSection
	GlobalSection(ExtensibilityGlobals) = postSolution
		SolutionGuid = {C7F12A73-0436-41A6-B2DE-2BF9BFD95662}
	EndGlobalSection
EndGlobal
