
Microsoft Visual Studio Solution File, Format Version 12.00
# Visual Studio Version 16
VisualStudioVersion = 16.0.29728.190
MinimumVisualStudioVersion = 10.0.40219.1
Project("{FAE04EC0-301F-11D3-BF4B-00C04F79EFBC}") = "ValidacaoDeDados", "ValidacaoDeDados\ValidacaoDeDados.csproj", "{7E9433F9-EE90-4AB9-90C3-C8934CA51DDF}"
EndProject
Global
	GlobalSection(SolutionConfigurationPlatforms) = preSolution
		Debug|Any CPU = Debug|Any CPU
		Release|Any CPU = Release|Any CPU
	EndGlobalSection
	GlobalSection(ProjectConfigurationPlatforms) = postSolution
		{7E9433F9-EE90-4AB9-90C3-C8934CA51DDF}.Debug|Any CPU.ActiveCfg = Debug|Any CPU
		{7E9433F9-EE90-4AB9-90C3-C8934CA51DDF}.Debug|Any CPU.Build.0 = Debug|Any CPU
		{7E9433F9-EE90-4AB9-90C3-C8934CA51DDF}.Release|Any CPU.ActiveCfg = Release|Any CPU
		{7E9433F9-EE90-4AB9-90C3-C8934CA51DDF}.Release|Any CPU.Build.0 = Release|Any CPU
	EndGlobalSection
	GlobalSection(SolutionProperties) = preSolution
		HideSolutionNode = FALSE
	EndGlobalSection
	GlobalSection(ExtensibilityGlobals) = postSolution
		SolutionGuid = {1C04A9AC-2875-4EB3-9122-4CCD2782BA0D}
	EndGlobalSection
EndGlobal
