
Microsoft Visual Studio Solution File, Format Version 12.00
# Visual Studio Version 16
VisualStudioVersion = 16.0.29728.190
MinimumVisualStudioVersion = 10.0.40219.1
Project("{FAE04EC0-301F-11D3-BF4B-00C04F79EFBC}") = "AppListaTarefas", "AppListaTarefas\AppListaTarefas.csproj", "{EEE7DB88-B223-4580-AA8E-442683B5FA9A}"
EndProject
Global
	GlobalSection(SolutionConfigurationPlatforms) = preSolution
		Debug|Any CPU = Debug|Any CPU
		Release|Any CPU = Release|Any CPU
	EndGlobalSection
	GlobalSection(ProjectConfigurationPlatforms) = postSolution
		{EEE7DB88-B223-4580-AA8E-442683B5FA9A}.Debug|Any CPU.ActiveCfg = Debug|Any CPU
		{EEE7DB88-B223-4580-AA8E-442683B5FA9A}.Debug|Any CPU.Build.0 = Debug|Any CPU
		{EEE7DB88-B223-4580-AA8E-442683B5FA9A}.Release|Any CPU.ActiveCfg = Release|Any CPU
		{EEE7DB88-B223-4580-AA8E-442683B5FA9A}.Release|Any CPU.Build.0 = Release|Any CPU
	EndGlobalSection
	GlobalSection(SolutionProperties) = preSolution
		HideSolutionNode = FALSE
	EndGlobalSection
	GlobalSection(ExtensibilityGlobals) = postSolution
		SolutionGuid = {56879DE7-97B5-4C27-92C1-D42DF6D73E0F}
	EndGlobalSection
EndGlobal
