
Microsoft Visual Studio Solution File, Format Version 12.00
# Visual Studio Version 16
VisualStudioVersion = 16.0.29728.190
MinimumVisualStudioVersion = 10.0.40219.1
Project("{FAE04EC0-301F-11D3-BF4B-00C04F79EFBC}") = "PesquisaCriptoMoeda", "PesquisaCriptoMoeda\PesquisaCriptoMoeda.csproj", "{B93191BC-88E7-4C21-B353-70F38BAC9C53}"
EndProject
Global
	GlobalSection(SolutionConfigurationPlatforms) = preSolution
		Debug|Any CPU = Debug|Any CPU
		Release|Any CPU = Release|Any CPU
	EndGlobalSection
	GlobalSection(ProjectConfigurationPlatforms) = postSolution
		{B93191BC-88E7-4C21-B353-70F38BAC9C53}.Debug|Any CPU.ActiveCfg = Debug|Any CPU
		{B93191BC-88E7-4C21-B353-70F38BAC9C53}.Debug|Any CPU.Build.0 = Debug|Any CPU
		{B93191BC-88E7-4C21-B353-70F38BAC9C53}.Release|Any CPU.ActiveCfg = Release|Any CPU
		{B93191BC-88E7-4C21-B353-70F38BAC9C53}.Release|Any CPU.Build.0 = Release|Any CPU
	EndGlobalSection
	GlobalSection(SolutionProperties) = preSolution
		HideSolutionNode = FALSE
	EndGlobalSection
	GlobalSection(ExtensibilityGlobals) = postSolution
		SolutionGuid = {E5F96271-1F48-441F-9018-D499E444E62D}
	EndGlobalSection
EndGlobal
