
Microsoft Visual Studio Solution File, Format Version 12.00
# Visual Studio Version 16
VisualStudioVersion = 16.0.29728.190
MinimumVisualStudioVersion = 10.0.40219.1
Project("{FAE04EC0-301F-11D3-BF4B-00C04F79EFBC}") = "ProjetoMoedas03", "ProjetoMoedas03\ProjetoMoedas03.csproj", "{2791E63F-915B-43FA-9F83-DC8DAFF8EF1E}"
EndProject
Global
	GlobalSection(SolutionConfigurationPlatforms) = preSolution
		Debug|Any CPU = Debug|Any CPU
		Release|Any CPU = Release|Any CPU
	EndGlobalSection
	GlobalSection(ProjectConfigurationPlatforms) = postSolution
		{2791E63F-915B-43FA-9F83-DC8DAFF8EF1E}.Debug|Any CPU.ActiveCfg = Debug|Any CPU
		{2791E63F-915B-43FA-9F83-DC8DAFF8EF1E}.Debug|Any CPU.Build.0 = Debug|Any CPU
		{2791E63F-915B-43FA-9F83-DC8DAFF8EF1E}.Release|Any CPU.ActiveCfg = Release|Any CPU
		{2791E63F-915B-43FA-9F83-DC8DAFF8EF1E}.Release|Any CPU.Build.0 = Release|Any CPU
	EndGlobalSection
	GlobalSection(SolutionProperties) = preSolution
		HideSolutionNode = FALSE
	EndGlobalSection
	GlobalSection(ExtensibilityGlobals) = postSolution
		SolutionGuid = {F5F40D5A-A839-480A-9CF3-B2504B94DC29}
	EndGlobalSection
EndGlobal
